// !$*UTF8*$!
{
	archiveVersion = 1;
	classes = {
	};
	objectVersion = 56;
	objects = {

/* Begin PBXBuildFile section */
		8F1E6DA929D72524005A4F15 /* RestaurantListViewController.swift in Sources */ = {isa = PBXBuildFile; fileRef = 8F1E6DA829D72524005A4F15 /* RestaurantListViewController.swift */; };
		8F92D6C829D6F43F001480BC /* AppDelegate.swift in Sources */ = {isa = PBXBuildFile; fileRef = 8F92D6C729D6F43F001480BC /* AppDelegate.swift */; };
		8F92D6CA29D6F43F001480BC /* SceneDelegate.swift in Sources */ = {isa = PBXBuildFile; fileRef = 8F92D6C929D6F43F001480BC /* SceneDelegate.swift */; };
		8F92D6CF29D6F43F001480BC /* Main.storyboard in Resources */ = {isa = PBXBuildFile; fileRef = 8F92D6CD29D6F43F001480BC /* Main.storyboard */; };
		8F92D6D429D6F441001480BC /* LaunchScreen.storyboard in Resources */ = {isa = PBXBuildFile; fileRef = 8F92D6D229D6F441001480BC /* LaunchScreen.storyboard */; };
		8F92D6DC29D6FE2F001480BC /* Assets.xcassets in Resources */ = {isa = PBXBuildFile; fileRef = 8F92D6DB29D6FE2E001480BC /* Assets.xcassets */; };
		8F92D6E029D70392001480BC /* ExploreViewController.swift in Sources */ = {isa = PBXBuildFile; fileRef = 8F92D6DF29D70392001480BC /* ExploreViewController.swift */; };
/* End PBXBuildFile section */

/* Begin PBXFileReference section */
		8F1E6DA829D72524005A4F15 /* RestaurantListViewController.swift */ = {isa = PBXFileReference; lastKnownFileType = sourcecode.swift; path = RestaurantListViewController.swift; sourceTree = "<group>"; };
		8F92D6C429D6F43F001480BC /* LetsEat.app */ = {isa = PBXFileReference; explicitFileType = wrapper.application; includeInIndex = 0; path = LetsEat.app; sourceTree = BUILT_PRODUCTS_DIR; };
		8F92D6C729D6F43F001480BC /* AppDelegate.swift */ = {isa = PBXFileReference; lastKnownFileType = sourcecode.swift; path = AppDelegate.swift; sourceTree = "<group>"; };
		8F92D6C929D6F43F001480BC /* SceneDelegate.swift */ = {isa = PBXFileReference; lastKnownFileType = sourcecode.swift; path = SceneDelegate.swift; sourceTree = "<group>"; };
		8F92D6CE29D6F43F001480BC /* Base */ = {isa = PBXFileReference; lastKnownFileType = file.storyboard; name = Base; path = Base.lproj/Main.storyboard; sourceTree = "<group>"; };
		8F92D6D329D6F441001480BC /* Base */ = {isa = PBXFileReference; lastKnownFileType = file.storyboard; name = Base; path = Base.lproj/LaunchScreen.storyboard; sourceTree = "<group>"; };
		8F92D6D529D6F441001480BC /* Info.plist */ = {isa = PBXFileReference; lastKnownFileType = text.plist.xml; path = Info.plist; sourceTree = "<group>"; };
		8F92D6DB29D6FE2E001480BC /* Assets.xcassets */ = {isa = PBXFileReference; lastKnownFileType = folder.assetcatalog; path = Assets.xcassets; sourceTree = "<group>"; };
		8F92D6DF29D70392001480BC /* ExploreViewController.swift */ = {isa = PBXFileReference; lastKnownFileType = sourcecode.swift; path = ExploreViewController.swift; sourceTree = "<group>"; };
/* End PBXFileReference section */

/* Begin PBXFrameworksBuildPhase section */
		8F92D6C129D6F43F001480BC /* Frameworks */ = {
			isa = PBXFrameworksBuildPhase;
			buildActionMask = 2147483647;
			files = (
			);
			runOnlyForDeploymentPostprocessing = 0;
		};
/* End PBXFrameworksBuildPhase section */

/* Begin PBXGroup section */
		8F1E6DA729D724D6005A4F15 /* Restaurants */ = {
			isa = PBXGroup;
			children = (
				8F1E6DA829D72524005A4F15 /* RestaurantListViewController.swift */,
			);
			path = Restaurants;
			sourceTree = "<group>";
		};
		8F92D6BB29D6F43F001480BC = {
			isa = PBXGroup;
			children = (
				8F92D6DB29D6FE2E001480BC /* Assets.xcassets */,
				8F92D6C629D6F43F001480BC /* LetsEat */,
				8F92D6C529D6F43F001480BC /* Products */,
			);
			sourceTree = "<group>";
		};
		8F92D6C529D6F43F001480BC /* Products */ = {
			isa = PBXGroup;
			children = (
				8F92D6C429D6F43F001480BC /* LetsEat.app */,
			);
			name = Products;
			sourceTree = "<group>";
		};
		8F92D6C629D6F43F001480BC /* LetsEat */ = {
			isa = PBXGroup;
			children = (
				8F1E6DA729D724D6005A4F15 /* Restaurants */,
				8F92D6DE29D70325001480BC /* Explore */,
				8F92D6C729D6F43F001480BC /* AppDelegate.swift */,
				8F92D6C929D6F43F001480BC /* SceneDelegate.swift */,
				8F92D6CD29D6F43F001480BC /* Main.storyboard */,
				8F92D6D229D6F441001480BC /* LaunchScreen.storyboard */,
				8F92D6D529D6F441001480BC /* Info.plist */,
			);
			path = LetsEat;
			sourceTree = "<group>";
		};
		8F92D6DE29D70325001480BC /* Explore */ = {
			isa = PBXGroup;
			children = (
				8F92D6DF29D70392001480BC /* ExploreViewController.swift */,
			);
			path = Explore;
			sourceTree = "<group>";
		};
/* End PBXGroup section */

/* Begin PBXNativeTarget section */
		8F92D6C329D6F43F001480BC /* LetsEat */ = {
			isa = PBXNativeTarget;
			buildConfigurationList = 8F92D6D829D6F441001480BC /* Build configuration list for PBXNativeTarget "LetsEat" */;
			buildPhases = (
				8F92D6C029D6F43F001480BC /* Sources */,
				8F92D6C129D6F43F001480BC /* Frameworks */,
				8F92D6C229D6F43F001480BC /* Resources */,
			);
			buildRules = (
			);
			dependencies = (
			);
			name = LetsEat;
			productName = LetsEat;
			productReference = 8F92D6C429D6F43F001480BC /* LetsEat.app */;
			productType = "com.apple.product-type.application";
		};
/* End PBXNativeTarget section */

/* Begin PBXProject section */
		8F92D6BC29D6F43F001480BC /* Project object */ = {
			isa = PBXProject;
			attributes = {
				BuildIndependentTargetsInParallel = 1;
				LastSwiftUpdateCheck = 1420;
				LastUpgradeCheck = 1420;
				TargetAttributes = {
					8F92D6C329D6F43F001480BC = {
						CreatedOnToolsVersion = 14.2;
					};
				};
			};
			buildConfigurationList = 8F92D6BF29D6F43F001480BC /* Build configuration list for PBXProject "LetsEat" */;
			compatibilityVersion = "Xcode 14.0";
			developmentRegion = en;
			hasScannedForEncodings = 0;
			knownRegions = (
				en,
				Base,
			);
			mainGroup = 8F92D6BB29D6F43F001480BC;
			productRefGroup = 8F92D6C529D6F43F001480BC /* Products */;
			projectDirPath = "";
			projectRoot = "";
			targets = (
				8F92D6C329D6F43F001480BC /* LetsEat */,
			);
		};
/* End PBXProject section */

/* Begin PBXResourcesBuildPhase section */
		8F92D6C229D6F43F001480BC /* Resources */ = {
			isa = PBXResourcesBuildPhase;
			buildActionMask = 2147483647;
			files = (
				8F92D6D429D6F441001480BC /* LaunchScreen.storyboard in Resources */,
				8F92D6DC29D6FE2F001480BC /* Assets.xcassets in Resources */,
				8F92D6CF29D6F43F001480BC /* Main.storyboard in Resources */,
			);
			runOnlyForDeploymentPostprocessing = 0;
		};
/* End PBXResourcesBuildPhase section */

/* Begin PBXSourcesBuildPhase section */
		8F92D6C029D6F43F001480BC /* Sources */ = {
			isa = PBXSourcesBuildPhase;
			buildActionMask = 2147483647;
			files = (
				8F92D6C829D6F43F001480BC /* AppDelegate.swift in Sources */,
				8F1E6DA929D72524005A4F15 /* RestaurantListViewController.swift in Sources */,
				8F92D6CA29D6F43F001480BC /* SceneDelegate.swift in Sources */,
				8F92D6E029D70392001480BC /* ExploreViewController.swift in Sources */,
			);
			runOnlyForDeploymentPostprocessing = 0;
		};
/* End PBXSourcesBuildPhase section */

/* Begin PBXVariantGroup section */
		8F92D6CD29D6F43F001480BC /* Main.storyboard */ = {
			isa = PBXVariantGroup;
			children = (
				8F92D6CE29D6F43F001480BC /* Base */,
			);
			name = Main.storyboard;
			sourceTree = "<group>";
		};
		8F92D6D229D6F441001480BC /* LaunchScreen.storyboard */ = {
			isa = PBXVariantGroup;
			children = (
				8F92D6D329D6F441001480BC /* Base */,
			);
			name = LaunchScreen.storyboard;
			sourceTree = "<group>";
		};
/* End PBXVariantGroup section */

/* Begin XCBuildConfiguration section */
		8F92D6D629D6F441001480BC /* Debug */ = {
			isa = XCBuildConfiguration;
			buildSettings = {
				ALWAYS_SEARCH_USER_PATHS = NO;
				CLANG_ANALYZER_NONNULL = YES;
				CLANG_ANALYZER_NUMBER_OBJECT_CONVERSION = YES_AGGRESSIVE;
				CLANG_CXX_LANGUAGE_STANDARD = "gnu++20";
				CLANG_ENABLE_MODULES = YES;
				CLANG_ENABLE_OBJC_ARC = YES;
				CLANG_ENABLE_OBJC_WEAK = YES;
				CLANG_WARN_BLOCK_CAPTURE_AUTORELEASING = YES;
				CLANG_WARN_BOOL_CONVERSION = YES;
				CLANG_WARN_COMMA = YES;
				CLANG_WARN_CONSTANT_CONVERSION = YES;
				CLANG_WARN_DEPRECATED_OBJC_IMPLEMENTATIONS = YES;
				CLANG_WARN_DIRECT_OBJC_ISA_USAGE = YES_ERROR;
				CLANG_WARN_DOCUMENTATION_COMMENTS = YES;
				CLANG_WARN_EMPTY_BODY = YES;
				CLANG_WARN_ENUM_CONVERSION = YES;
				CLANG_WARN_INFINITE_RECURSION = YES;
				CLANG_WARN_INT_CONVERSION = YES;
				CLANG_WARN_NON_LITERAL_NULL_CONVERSION = YES;
				CLANG_WARN_OBJC_IMPLICIT_RETAIN_SELF = YES;
				CLANG_WARN_OBJC_LITERAL_CONVERSION = YES;
				CLANG_WARN_OBJC_ROOT_CLASS = YES_ERROR;
				CLANG_WARN_QUOTED_INCLUDE_IN_FRAMEWORK_HEADER = YES;
				CLANG_WARN_RANGE_LOOP_ANALYSIS = YES;
				CLANG_WARN_STRICT_PROTOTYPES = YES;
				CLANG_WARN_SUSPICIOUS_MOVE = YES;
				CLANG_WARN_UNGUARDED_AVAILABILITY = YES_AGGRESSIVE;
				CLANG_WARN_UNREACHABLE_CODE = YES;
				CLANG_WARN__DUPLICATE_METHOD_MATCH = YES;
				COPY_PHASE_STRIP = NO;
				DEBUG_INFORMATION_FORMAT = dwarf;
				ENABLE_STRICT_OBJC_MSGSEND = YES;
				ENABLE_TESTABILITY = YES;
				GCC_C_LANGUAGE_STANDARD = gnu11;
				GCC_DYNAMIC_NO_PIC = NO;
				GCC_NO_COMMON_BLOCKS = YES;
				GCC_OPTIMIZATION_LEVEL = 0;
				GCC_PREPROCESSOR_DEFINITIONS = (
					"DEBUG=1",
					"$(inherited)",
				);
				GCC_WARN_64_TO_32_BIT_CONVERSION = YES;
				GCC_WARN_ABOUT_RETURN_TYPE = YES_ERROR;
				GCC_WARN_UNDECLARED_SELECTOR = YES;
				GCC_WARN_UNINITIALIZED_AUTOS = YES_AGGRESSIVE;
				GCC_WARN_UNUSED_FUNCTION = YES;
				GCC_WARN_UNUSED_VARIABLE = YES;
				IPHONEOS_DEPLOYMENT_TARGET = 16.2;
				MTL_ENABLE_DEBUG_INFO = INCLUDE_SOURCE;
				MTL_FAST_MATH = YES;
				ONLY_ACTIVE_ARCH = YES;
				SDKROOT = iphoneos;
				SWIFT_ACTIVE_COMPILATION_CONDITIONS = DEBUG;
				SWIFT_OPTIMIZATION_LEVEL = "-Onone";
			};
			name = Debug;
		};
		8F92D6D729D6F441001480BC /* Release */ = {
			isa = XCBuildConfiguration;
			buildSettings = {
				ALWAYS_SEARCH_USER_PATHS = NO;
				CLANG_ANALYZER_NONNULL = YES;
				CLANG_ANALYZER_NUMBER_OBJECT_CONVERSION = YES_AGGRESSIVE;
				CLANG_CXX_LANGUAGE_STANDARD = "gnu++20";
				CLANG_ENABLE_MODULES = YES;
				CLANG_ENABLE_OBJC_ARC = YES;
				CLANG_ENABLE_OBJC_WEAK = YES;
				CLANG_WARN_BLOCK_CAPTURE_AUTORELEASING = YES;
				CLANG_WARN_BOOL_CONVERSION = YES;
				CLANG_WARN_COMMA = YES;
				CLANG_WARN_CONSTANT_CONVERSION = YES;
				CLANG_WARN_DEPRECATED_OBJC_IMPLEMENTATIONS = YES;
				CLANG_WARN_DIRECT_OBJC_ISA_USAGE = YES_ERROR;
				CLANG_WARN_DOCUMENTATION_COMMENTS = YES;
				CLANG_WARN_EMPTY_BODY = YES;
				CLANG_WARN_ENUM_CONVERSION = YES;
				CLANG_WARN_INFINITE_RECURSION = YES;
				CLANG_WARN_INT_CONVERSION = YES;
				CLANG_WARN_NON_LITERAL_NULL_CONVERSION = YES;
				CLANG_WARN_OBJC_IMPLICIT_RETAIN_SELF = YES;
				CLANG_WARN_OBJC_LITERAL_CONVERSION = YES;
				CLANG_WARN_OBJC_ROOT_CLASS = YES_ERROR;
				CLANG_WARN_QUOTED_INCLUDE_IN_FRAMEWORK_HEADER = YES;
				CLANG_WARN_RANGE_LOOP_ANALYSIS = YES;
				CLANG_WARN_STRICT_PROTOTYPES = YES;
				CLANG_WARN_SUSPICIOUS_MOVE = YES;
				CLANG_WARN_UNGUARDED_AVAILABILITY = YES_AGGRESSIVE;
				CLANG_WARN_UNREACHABLE_CODE = YES;
				CLANG_WARN__DUPLICATE_METHOD_MATCH = YES;
				COPY_PHASE_STRIP = NO;
				DEBUG_INFORMATION_FORMAT = "dwarf-with-dsym";
				ENABLE_NS_ASSERTIONS = NO;
				ENABLE_STRICT_OBJC_MSGSEND = YES;
				GCC_C_LANGUAGE_STANDARD = gnu11;
				GCC_NO_COMMON_BLOCKS = YES;
				GCC_WARN_64_TO_32_BIT_CONVERSION = YES;
				GCC_WARN_ABOUT_RETURN_TYPE = YES_ERROR;
				GCC_WARN_UNDECLARED_SELECTOR = YES;
				GCC_WARN_UNINITIALIZED_AUTOS = YES_AGGRESSIVE;
				GCC_WARN_UNUSED_FUNCTION = YES;
				GCC_WARN_UNUSED_VARIABLE = YES;
				IPHONEOS_DEPLOYMENT_TARGET = 16.2;
				MTL_ENABLE_DEBUG_INFO = NO;
				MTL_FAST_MATH = YES;
				SDKROOT = iphoneos;
				SWIFT_COMPILATION_MODE = wholemodule;
				SWIFT_OPTIMIZATION_LEVEL = "-O";
				VALIDATE_PRODUCT = YES;
			};
			name = Release;
		};
		8F92D6D929D6F441001480BC /* Debug */ = {
			isa = XCBuildConfiguration;
			buildSettings = {
				ASSETCATALOG_COMPILER_APPICON_NAME = AppIcon;
				ASSETCATALOG_COMPILER_GLOBAL_ACCENT_COLOR_NAME = AccentColor;
				CODE_SIGN_STYLE = Automatic;
				CURRENT_PROJECT_VERSION = 1;
				DEVELOPMENT_TEAM = Z27S2WDAVN;
				GENERATE_INFOPLIST_FILE = YES;
				INFOPLIST_FILE = LetsEat/Info.plist;
				INFOPLIST_KEY_UIApplicationSupportsIndirectInputEvents = YES;
				INFOPLIST_KEY_UILaunchStoryboardName = LaunchScreen;
				INFOPLIST_KEY_UIMainStoryboardFile = Main;
				INFOPLIST_KEY_UISupportedInterfaceOrientations_iPad = "UIInterfaceOrientationPortrait UIInterfaceOrientationPortraitUpsideDown UIInterfaceOrientationLandscapeLeft UIInterfaceOrientationLandscapeRight";
				INFOPLIST_KEY_UISupportedInterfaceOrientations_iPhone = "UIInterfaceOrientationPortrait UIInterfaceOrientationLandscapeLeft UIInterfaceOrientationLandscapeRight";
				LD_RUNPATH_SEARCH_PATHS = (
					"$(inherited)",
					"@executable_path/Frameworks",
				);
				MARKETING_VERSION = 1.0;
				PRODUCT_BUNDLE_IDENTIFIER = com.longshilin.LetsEat;
				PRODUCT_NAME = "$(TARGET_NAME)";
				SWIFT_EMIT_LOC_STRINGS = YES;
				SWIFT_VERSION = 5.0;
				TARGETED_DEVICE_FAMILY = "1,2";
			};
			name = Debug;
		};
		8F92D6DA29D6F441001480BC /* Release */ = {
			isa = XCBuildConfiguration;
			buildSettings = {
				ASSETCATALOG_COMPILER_APPICON_NAME = AppIcon;
				ASSETCATALOG_COMPILER_GLOBAL_ACCENT_COLOR_NAME = AccentColor;
				CODE_SIGN_STYLE = Automatic;
				CURRENT_PROJECT_VERSION = 1;
				DEVELOPMENT_TEAM = Z27S2WDAVN;
				GENERATE_INFOPLIST_FILE = YES;
				INFOPLIST_FILE = LetsEat/Info.plist;
				INFOPLIST_KEY_UIApplicationSupportsIndirectInputEvents = YES;
				INFOPLIST_KEY_UILaunchStoryboardName = LaunchScreen;
				INFOPLIST_KEY_UIMainStoryboardFile = Main;
				INFOPLIST_KEY_UISupportedInterfaceOrientations_iPad = "UIInterfaceOrientationPortrait UIInterfaceOrientationPortraitUpsideDown UIInterfaceOrientationLandscapeLeft UIInterfaceOrientationLandscapeRight";
				INFOPLIST_KEY_UISupportedInterfaceOrientations_iPhone = "UIInterfaceOrientationPortrait UIInterfaceOrientationLandscapeLeft UIInterfaceOrientationLandscapeRight";
				LD_RUNPATH_SEARCH_PATHS = (
					"$(inherited)",
					"@executable_path/Frameworks",
				);
				MARKETING_VERSION = 1.0;
				PRODUCT_BUNDLE_IDENTIFIER = com.longshilin.LetsEat;
				PRODUCT_NAME = "$(TARGET_NAME)";
				SWIFT_EMIT_LOC_STRINGS = YES;
				SWIFT_VERSION = 5.0;
				TARGETED_DEVICE_FAMILY = "1,2";
			};
			name = Release;
		};
/* End XCBuildConfiguration section */

/* Begin XCConfigurationList section */
		8F92D6BF29D6F43F001480BC /* Build configuration list for PBXProject "LetsEat" */ = {
			isa = XCConfigurationList;
			buildConfigurations = (
				8F92D6D629D6F441001480BC /* Debug */,
				8F92D6D729D6F441001480BC /* Release */,
			);
			defaultConfigurationIsVisible = 0;
			defaultConfigurationName = Release;
		};
		8F92D6D829D6F441001480BC /* Build configuration list for PBXNativeTarget "LetsEat" */ = {
			isa = XCConfigurationList;
			buildConfigurations = (
				8F92D6D929D6F441001480BC /* Debug */,
				8F92D6DA29D6F441001480BC /* Release */,
			);
			defaultConfigurationIsVisible = 0;
			defaultConfigurationName = Release;
		};
/* End XCConfigurationList section */
	};
	rootObject = 8F92D6BC29D6F43F001480BC /* Project object */;
}
